
Microsoft Visual Studio Solution File, Format Version 12.00
# Visual Studio Version 17
VisualStudioVersion = 17.1.32407.343
MinimumVisualStudioVersion = 10.0.40219.1
Project("{9A19103F-16F7-4668-BE54-9A1E7A4F7556}") = "Elastic.Kibana.Serilog", "Elastic.Kibana.Serilog.csproj", "{2D65CFC8-5763-4CC7-8A65-6177E9E4AC32}"
EndProject
Global
	GlobalSection(SolutionConfigurationPlatforms) = preSolution
		Debug|Any CPU = Debug|Any CPU
		Release|Any CPU = Release|Any CPU
	EndGlobalSection
	GlobalSection(ProjectConfigurationPlatforms) = postSolution
		{2D65CFC8-5763-4CC7-8A65-6177E9E4AC32}.Debug|Any CPU.ActiveCfg = Debug|Any CPU
		{2D65CFC8-5763-4CC7-8A65-6177E9E4AC32}.Debug|Any CPU.Build.0 = Debug|Any CPU
		{2D65CFC8-5763-4CC7-8A65-6177E9E4AC32}.Release|Any CPU.ActiveCfg = Release|Any CPU
		{2D65CFC8-5763-4CC7-8A65-6177E9E4AC32}.Release|Any CPU.Build.0 = Release|Any CPU
	EndGlobalSection
	GlobalSection(SolutionProperties) = preSolution
		HideSolutionNode = FALSE
	EndGlobalSection
	GlobalSection(ExtensibilityGlobals) = postSolution
		SolutionGuid = {DD6FB851-72CA-4F6C-B7B2-E4A3D5907D3E}
	EndGlobalSection
EndGlobal
